
Microsoft Visual Studio Solution File, Format Version 12.00
# Visual Studio 2012
Project("{8BC9CEB8-8B4A-11D0-8D11-00A0C91BC942}") = "WindowsProgramming", "WindowsProgramming\WindowsProgramming.vcxproj", "{FC57E336-D2F3-4707-99BA-75751AAB3A1E}"
EndProject
Project("{8BC9CEB8-8B4A-11D0-8D11-00A0C91BC942}") = "ErrorShow", "ErrorShow\ErrorShow.vcxproj", "{70838700-C259-41BF-A98C-BB3332D5FD78}"
EndProject
Project("{8BC9CEB8-8B4A-11D0-8D11-00A0C91BC942}") = "CharString", "CharString\CharString.vcxproj", "{39ABFA58-AA94-4F1E-9B93-24DC803A1660}"
EndProject
Project("{8BC9CEB8-8B4A-11D0-8D11-00A0C91BC942}") = "KernelObject", "KernelObject\KernelObject.vcxproj", "{6427359D-39C3-4164-80B2-2A0BC1F353EC}"
EndProject
Project("{8BC9CEB8-8B4A-11D0-8D11-00A0C91BC942}") = "Process", "Process\Process.vcxproj", "{5BDD9192-5D10-463B-87E2-661822128B54}"
EndProject
Project("{8BC9CEB8-8B4A-11D0-8D11-00A0C91BC942}") = "FirstWindow", "FirstWindow\FirstWindow.vcxproj", "{E07A4AEC-2DCC-40BC-BB31-94362B3D65E2}"
EndProject
Project("{8BC9CEB8-8B4A-11D0-8D11-00A0C91BC942}") = "BasicWindow", "BasicWindow\BasicWindow.vcxproj", "{E012AAA9-CC54-427F-8DB7-13893B07C847}"
EndProject
Project("{8BC9CEB8-8B4A-11D0-8D11-00A0C91BC942}") = "OpenDialog", "OpenDialog\OpenDialog.vcxproj", "{B29D83FF-5D2C-40D7-A785-6C0BBDA2B19B}"
EndProject
Project("{8BC9CEB8-8B4A-11D0-8D11-00A0C91BC942}") = "Direct2DCircle", "Direct2DCircle\Direct2DCircle.vcxproj", "{37166AC3-F22B-4DD1-8BFC-B64A873D463B}"
EndProject
Project("{8BC9CEB8-8B4A-11D0-8D11-00A0C91BC942}") = "FirstMFCDlg", "FirstMFCDlg\FirstMFCDlg.vcxproj", "{3E7A4A93-BEEA-44B0-8BCC-12CEE8D25E63}"
EndProject
Project("{8BC9CEB8-8B4A-11D0-8D11-00A0C91BC942}") = "QWinApp", "QWinApp\QWinApp.vcxproj", "{BD1E439E-92C3-49D8-A558-C74C6D166DD3}"
EndProject
Global
	GlobalSection(SolutionConfigurationPlatforms) = preSolution
		Debug|Win32 = Debug|Win32
		Release|Win32 = Release|Win32
	EndGlobalSection
	GlobalSection(ProjectConfigurationPlatforms) = postSolution
		{FC57E336-D2F3-4707-99BA-75751AAB3A1E}.Debug|Win32.ActiveCfg = Debug|Win32
		{FC57E336-D2F3-4707-99BA-75751AAB3A1E}.Debug|Win32.Build.0 = Debug|Win32
		{FC57E336-D2F3-4707-99BA-75751AAB3A1E}.Release|Win32.ActiveCfg = Release|Win32
		{FC57E336-D2F3-4707-99BA-75751AAB3A1E}.Release|Win32.Build.0 = Release|Win32
		{70838700-C259-41BF-A98C-BB3332D5FD78}.Debug|Win32.ActiveCfg = Debug|Win32
		{70838700-C259-41BF-A98C-BB3332D5FD78}.Debug|Win32.Build.0 = Debug|Win32
		{70838700-C259-41BF-A98C-BB3332D5FD78}.Release|Win32.ActiveCfg = Release|Win32
		{70838700-C259-41BF-A98C-BB3332D5FD78}.Release|Win32.Build.0 = Release|Win32
		{39ABFA58-AA94-4F1E-9B93-24DC803A1660}.Debug|Win32.ActiveCfg = Debug|Win32
		{39ABFA58-AA94-4F1E-9B93-24DC803A1660}.Debug|Win32.Build.0 = Debug|Win32
		{39ABFA58-AA94-4F1E-9B93-24DC803A1660}.Release|Win32.ActiveCfg = Release|Win32
		{39ABFA58-AA94-4F1E-9B93-24DC803A1660}.Release|Win32.Build.0 = Release|Win32
		{6427359D-39C3-4164-80B2-2A0BC1F353EC}.Debug|Win32.ActiveCfg = Debug|Win32
		{6427359D-39C3-4164-80B2-2A0BC1F353EC}.Debug|Win32.Build.0 = Debug|Win32
		{6427359D-39C3-4164-80B2-2A0BC1F353EC}.Release|Win32.ActiveCfg = Release|Win32
		{6427359D-39C3-4164-80B2-2A0BC1F353EC}.Release|Win32.Build.0 = Release|Win32
		{5BDD9192-5D10-463B-87E2-661822128B54}.Debug|Win32.ActiveCfg = Debug|Win32
		{5BDD9192-5D10-463B-87E2-661822128B54}.Debug|Win32.Build.0 = Debug|Win32
		{5BDD9192-5D10-463B-87E2-661822128B54}.Release|Win32.ActiveCfg = Release|Win32
		{5BDD9192-5D10-463B-87E2-661822128B54}.Release|Win32.Build.0 = Release|Win32
		{E07A4AEC-2DCC-40BC-BB31-94362B3D65E2}.Debug|Win32.ActiveCfg = Debug|Win32
		{E07A4AEC-2DCC-40BC-BB31-94362B3D65E2}.Debug|Win32.Build.0 = Debug|Win32
		{E07A4AEC-2DCC-40BC-BB31-94362B3D65E2}.Release|Win32.ActiveCfg = Release|Win32
		{E07A4AEC-2DCC-40BC-BB31-94362B3D65E2}.Release|Win32.Build.0 = Release|Win32
		{E012AAA9-CC54-427F-8DB7-13893B07C847}.Debug|Win32.ActiveCfg = Debug|Win32
		{E012AAA9-CC54-427F-8DB7-13893B07C847}.Debug|Win32.Build.0 = Debug|Win32
		{E012AAA9-CC54-427F-8DB7-13893B07C847}.Release|Win32.ActiveCfg = Release|Win32
		{E012AAA9-CC54-427F-8DB7-13893B07C847}.Release|Win32.Build.0 = Release|Win32
		{B29D83FF-5D2C-40D7-A785-6C0BBDA2B19B}.Debug|Win32.ActiveCfg = Debug|Win32
		{B29D83FF-5D2C-40D7-A785-6C0BBDA2B19B}.Debug|Win32.Build.0 = Debug|Win32
		{B29D83FF-5D2C-40D7-A785-6C0BBDA2B19B}.Release|Win32.ActiveCfg = Release|Win32
		{B29D83FF-5D2C-40D7-A785-6C0BBDA2B19B}.Release|Win32.Build.0 = Release|Win32
		{37166AC3-F22B-4DD1-8BFC-B64A873D463B}.Debug|Win32.ActiveCfg = Debug|Win32
		{37166AC3-F22B-4DD1-8BFC-B64A873D463B}.Debug|Win32.Build.0 = Debug|Win32
		{37166AC3-F22B-4DD1-8BFC-B64A873D463B}.Release|Win32.ActiveCfg = Release|Win32
		{37166AC3-F22B-4DD1-8BFC-B64A873D463B}.Release|Win32.Build.0 = Release|Win32
		{3E7A4A93-BEEA-44B0-8BCC-12CEE8D25E63}.Debug|Win32.ActiveCfg = Debug|Win32
		{3E7A4A93-BEEA-44B0-8BCC-12CEE8D25E63}.Debug|Win32.Build.0 = Debug|Win32
		{3E7A4A93-BEEA-44B0-8BCC-12CEE8D25E63}.Release|Win32.ActiveCfg = Release|Win32
		{3E7A4A93-BEEA-44B0-8BCC-12CEE8D25E63}.Release|Win32.Build.0 = Release|Win32
		{BD1E439E-92C3-49D8-A558-C74C6D166DD3}.Debug|Win32.ActiveCfg = Debug|Win32
		{BD1E439E-92C3-49D8-A558-C74C6D166DD3}.Debug|Win32.Build.0 = Debug|Win32
		{BD1E439E-92C3-49D8-A558-C74C6D166DD3}.Release|Win32.ActiveCfg = Release|Win32
		{BD1E439E-92C3-49D8-A558-C74C6D166DD3}.Release|Win32.Build.0 = Release|Win32
	EndGlobalSection
	GlobalSection(SolutionProperties) = preSolution
		HideSolutionNode = FALSE
	EndGlobalSection
EndGlobal
